
Microsoft Visual Studio Solution File, Format Version 12.00
# Visual Studio 15
VisualStudioVersion = 15.0.27130.2010
MinimumVisualStudioVersion = 10.0.40219.1
Project("{FAE04EC0-301F-11D3-BF4B-00C04F79EFBC}") = "WaveZ", "WaveZ\WaveZ.csproj", "{F2CEE268-1896-4125-ACC5-147377C429E4}"
EndProject
Global
	GlobalSection(SolutionConfigurationPlatforms) = preSolution
		Debug|Any CPU = Debug|Any CPU
		Release|Any CPU = Release|Any CPU
	EndGlobalSection
	GlobalSection(ProjectConfigurationPlatforms) = postSolution
		{F2CEE268-1896-4125-ACC5-147377C429E4}.Debug|Any CPU.ActiveCfg = Debug|Any CPU
		{F2CEE268-1896-4125-ACC5-147377C429E4}.Debug|Any CPU.Build.0 = Debug|Any CPU
		{F2CEE268-1896-4125-ACC5-147377C429E4}.Release|Any CPU.ActiveCfg = Release|Any CPU
		{F2CEE268-1896-4125-ACC5-147377C429E4}.Release|Any CPU.Build.0 = Release|Any CPU
	EndGlobalSection
	GlobalSection(SolutionProperties) = preSolution
		HideSolutionNode = FALSE
	EndGlobalSection
	GlobalSection(ExtensibilityGlobals) = postSolution
		SolutionGuid = {50D86DA9-15F3-4694-B5C2-BF61ACF8E293}
	EndGlobalSection
EndGlobal
